<?xml version="1.0" encoding="utf-8"?>
<Project ToolsVersion="4.0" xmlns="http://schemas.microsoft.com/developer/msbuild/2003">
  <ItemGroup>
    <ClCompile Include="..\src\WinMain.cpp" />
    <ClCompile Include="..\src\EngineUI\MainWindow.cpp">
      <Filter>EngineUI</Filter>
    </ClCompile>
    <ClCompile Include="..\src\EngineUtils\PancakeEnginePathUtils.cpp">
      <Filter>EngineUtils</Filter>
    </ClCompile>
    <ClCompile Include="..\third\easylogging++\9.97.0\src\easylogging++.cc">
      <Filter>ThirdParty\easylogging++</Filter>
    </ClCompile>
  </ItemGroup>
  <ItemGroup>
    <Filter Include="EngineUI">
      <UniqueIdentifier>{ae63592b-9794-443f-a388-648106bba317}</UniqueIdentifier>
    </Filter>
    <Filter Include="EngineUtils">
      <UniqueIdentifier>{0a3e8a1c-5499-437f-acbf-9ff6651fbf02}</UniqueIdentifier>
    </Filter>
    <Filter Include="ThirdParty">
      <UniqueIdentifier>{bb727931-b715-4063-8b30-14f7b7bb64b1}</UniqueIdentifier>
    </Filter>
    <Filter Include="ThirdParty\easylogging++">
      <UniqueIdentifier>{283fe2fe-310c-4c9a-a259-539403e2defb}</UniqueIdentifier>
    </Filter>
  </ItemGroup>
  <ItemGroup>
    <ClInclude Include="..\src\EngineUI\MainWindow.h">
      <Filter>EngineUI</Filter>
    </ClInclude>
    <ClInclude Include="..\src\EngineUtils\PancakeEnginePathUtils.h">
      <Filter>EngineUtils</Filter>
    </ClInclude>
    <ClInclude Include="..\src\EngineUtils\PancakeEngineProjectHeader.h">
      <Filter>EngineUtils</Filter>
    </ClInclude>
    <ClInclude Include="..\src\EngineUI\UIControlName.h">
      <Filter>EngineUI</Filter>
    </ClInclude>
    <ClInclude Include="..\src\EngineUI\CWndUI.h">
      <Filter>EngineUI</Filter>
    </ClInclude>
  </ItemGroup>
</Project>